{
  "name": "lib-widgets-provider",
  "version": "0.0.1",
  "lockfileVersion": 1,
  "requires": true,
  "dependencies": {
    "lib-widget-clinicalparameters": {
      "version": "file:../lib-widget-clinicalparameters"
    },
    "lib-widget-medication": {
      "version": "file:../lib-widget-medication"
    }
  }
}
